
Microsoft Visual Studio Solution File, Format Version 12.00
# Visual Studio Version 17
VisualStudioVersion = 17.14.36518.9 d17.14
MinimumVisualStudioVersion = 10.0.40219.1
Project("{FAE04EC0-301F-11D3-BF4B-00C04F79EFBC}") = "Excercise203", "Excercise203.csproj", "{CBB8096B-2466-48AA-8CB3-08F02DB97C87}"
EndProject
Global
	GlobalSection(SolutionConfigurationPlatforms) = preSolution
		Debug|Any CPU = Debug|Any CPU
		Release|Any CPU = Release|Any CPU
	EndGlobalSection
	GlobalSection(ProjectConfigurationPlatforms) = postSolution
		{CBB8096B-2466-48AA-8CB3-08F02DB97C87}.Debug|Any CPU.ActiveCfg = Debug|Any CPU
		{CBB8096B-2466-48AA-8CB3-08F02DB97C87}.Debug|Any CPU.Build.0 = Debug|Any CPU
		{CBB8096B-2466-48AA-8CB3-08F02DB97C87}.Release|Any CPU.ActiveCfg = Release|Any CPU
		{CBB8096B-2466-48AA-8CB3-08F02DB97C87}.Release|Any CPU.Build.0 = Release|Any CPU
	EndGlobalSection
	GlobalSection(SolutionProperties) = preSolution
		HideSolutionNode = FALSE
	EndGlobalSection
	GlobalSection(ExtensibilityGlobals) = postSolution
		SolutionGuid = {F645B38D-FD47-4844-AB4E-4CDE9E4C2EEB}
	EndGlobalSection
EndGlobal
