
Microsoft Visual Studio Solution File, Format Version 12.00
# Visual Studio Version 17
VisualStudioVersion = 17.14.36518.9 d17.14
MinimumVisualStudioVersion = 10.0.40219.1
Project("{FAE04EC0-301F-11D3-BF4B-00C04F79EFBC}") = "Excercise102", "Excercise102.csproj", "{3C901D9F-C976-4DA6-9312-C7D3EB424582}"
EndProject
Global
	GlobalSection(SolutionConfigurationPlatforms) = preSolution
		Debug|Any CPU = Debug|Any CPU
		Release|Any CPU = Release|Any CPU
	EndGlobalSection
	GlobalSection(ProjectConfigurationPlatforms) = postSolution
		{3C901D9F-C976-4DA6-9312-C7D3EB424582}.Debug|Any CPU.ActiveCfg = Debug|Any CPU
		{3C901D9F-C976-4DA6-9312-C7D3EB424582}.Debug|Any CPU.Build.0 = Debug|Any CPU
		{3C901D9F-C976-4DA6-9312-C7D3EB424582}.Release|Any CPU.ActiveCfg = Release|Any CPU
		{3C901D9F-C976-4DA6-9312-C7D3EB424582}.Release|Any CPU.Build.0 = Release|Any CPU
	EndGlobalSection
	GlobalSection(SolutionProperties) = preSolution
		HideSolutionNode = FALSE
	EndGlobalSection
	GlobalSection(ExtensibilityGlobals) = postSolution
		SolutionGuid = {7CC97613-1DAC-44F1-A3DA-964EB9D91988}
	EndGlobalSection
EndGlobal
